
Microsoft Visual Studio Solution File, Format Version 12.00
# Visual Studio Version 17
VisualStudioVersion = 17.0.31612.314
MinimumVisualStudioVersion = 10.0.40219.1
Project("{FAE04EC0-301F-11D3-BF4B-00C04F79EFBC}") = "TimerLessonDemo", "TimerLessonDemo.csproj", "{5D259063-F061-4001-BDC2-573A207C7BC5}"
EndProject
Global
	GlobalSection(SolutionConfigurationPlatforms) = preSolution
		Debug|Any CPU = Debug|Any CPU
		Release|Any CPU = Release|Any CPU
	EndGlobalSection
	GlobalSection(ProjectConfigurationPlatforms) = postSolution
		{5D259063-F061-4001-BDC2-573A207C7BC5}.Debug|Any CPU.ActiveCfg = Debug|Any CPU
		{5D259063-F061-4001-BDC2-573A207C7BC5}.Debug|Any CPU.Build.0 = Debug|Any CPU
		{5D259063-F061-4001-BDC2-573A207C7BC5}.Release|Any CPU.ActiveCfg = Release|Any CPU
		{5D259063-F061-4001-BDC2-573A207C7BC5}.Release|Any CPU.Build.0 = Release|Any CPU
	EndGlobalSection
	GlobalSection(SolutionProperties) = preSolution
		HideSolutionNode = FALSE
	EndGlobalSection
	GlobalSection(ExtensibilityGlobals) = postSolution
		SolutionGuid = {D5A5EBB3-2C3E-44D7-A203-DBE323B9D183}
	EndGlobalSection
EndGlobal
